
Microsoft Visual Studio Solution File, Format Version 12.00
Project("{FAE04EC0-301F-11D3-BF4B-00C04F79EFBC}") = "ProjectManager", "ProjectManager\ProjectManager.csproj", "{E2018FA6-C113-4728-BC63-6D63E8B2DC30}"
EndProject
Project("{2150E333-8FDC-42A3-9474-1A3956D46DE8}") = "Tests", "Tests", "{AC4AB07F-8804-4409-AAEC-1BF6B3FD3EE2}"
EndProject
Project("{FAE04EC0-301F-11D3-BF4B-00C04F79EFBC}") = "PrimativeExtensions", "PrimativeExtensions\PrimativeExtensions.csproj", "{B313D73B-7DC1-42C4-817B-FEA9A0FCF8CA}"
EndProject
Project("{FAE04EC0-301F-11D3-BF4B-00C04F79EFBC}") = "ProjectManagerTests", "ProjectManagerTests\ProjectManagerTests.csproj", "{2E41CCE4-785B-443E-9284-777C80148B2B}"
EndProject
Project("{FAE04EC0-301F-11D3-BF4B-00C04F79EFBC}") = "Measurements", "Measurements\Measurements.csproj", "{D4CAC6CE-327F-4C99-9088-E2936655C74F}"
EndProject
Project("{FAE04EC0-301F-11D3-BF4B-00C04F79EFBC}") = "MeasurementTests", "Tests\MeasurementTests\MeasurementTests.csproj", "{D261335E-3E3B-487C-8992-968C3A36B955}"
EndProject
Global
	GlobalSection(SolutionConfigurationPlatforms) = preSolution
		Debug|Any CPU = Debug|Any CPU
		Release|Any CPU = Release|Any CPU
	EndGlobalSection
	GlobalSection(ProjectConfigurationPlatforms) = postSolution
		{E2018FA6-C113-4728-BC63-6D63E8B2DC30}.Debug|Any CPU.ActiveCfg = Debug|Any CPU
		{E2018FA6-C113-4728-BC63-6D63E8B2DC30}.Debug|Any CPU.Build.0 = Debug|Any CPU
		{E2018FA6-C113-4728-BC63-6D63E8B2DC30}.Release|Any CPU.ActiveCfg = Release|Any CPU
		{E2018FA6-C113-4728-BC63-6D63E8B2DC30}.Release|Any CPU.Build.0 = Release|Any CPU
		{B313D73B-7DC1-42C4-817B-FEA9A0FCF8CA}.Debug|Any CPU.ActiveCfg = Debug|Any CPU
		{B313D73B-7DC1-42C4-817B-FEA9A0FCF8CA}.Debug|Any CPU.Build.0 = Debug|Any CPU
		{B313D73B-7DC1-42C4-817B-FEA9A0FCF8CA}.Release|Any CPU.ActiveCfg = Release|Any CPU
		{B313D73B-7DC1-42C4-817B-FEA9A0FCF8CA}.Release|Any CPU.Build.0 = Release|Any CPU
		{2E41CCE4-785B-443E-9284-777C80148B2B}.Debug|Any CPU.ActiveCfg = Debug|Any CPU
		{2E41CCE4-785B-443E-9284-777C80148B2B}.Debug|Any CPU.Build.0 = Debug|Any CPU
		{2E41CCE4-785B-443E-9284-777C80148B2B}.Release|Any CPU.ActiveCfg = Release|Any CPU
		{2E41CCE4-785B-443E-9284-777C80148B2B}.Release|Any CPU.Build.0 = Release|Any CPU
		{D4CAC6CE-327F-4C99-9088-E2936655C74F}.Debug|Any CPU.ActiveCfg = Debug|Any CPU
		{D4CAC6CE-327F-4C99-9088-E2936655C74F}.Debug|Any CPU.Build.0 = Debug|Any CPU
		{D4CAC6CE-327F-4C99-9088-E2936655C74F}.Release|Any CPU.ActiveCfg = Release|Any CPU
		{D4CAC6CE-327F-4C99-9088-E2936655C74F}.Release|Any CPU.Build.0 = Release|Any CPU
		{D261335E-3E3B-487C-8992-968C3A36B955}.Debug|Any CPU.ActiveCfg = Debug|Any CPU
		{D261335E-3E3B-487C-8992-968C3A36B955}.Debug|Any CPU.Build.0 = Debug|Any CPU
		{D261335E-3E3B-487C-8992-968C3A36B955}.Release|Any CPU.ActiveCfg = Release|Any CPU
		{D261335E-3E3B-487C-8992-968C3A36B955}.Release|Any CPU.Build.0 = Release|Any CPU
	EndGlobalSection
	GlobalSection(NestedProjects) = preSolution
		{2E41CCE4-785B-443E-9284-777C80148B2B} = {AC4AB07F-8804-4409-AAEC-1BF6B3FD3EE2}
		{D261335E-3E3B-487C-8992-968C3A36B955} = {AC4AB07F-8804-4409-AAEC-1BF6B3FD3EE2}
	EndGlobalSection
EndGlobal
